
Microsoft Visual Studio Solution File, Format Version 12.00
# Visual Studio 15
VisualStudioVersion = 15.0.28307.102
MinimumVisualStudioVersion = 10.0.40219.1
Project("{FAE04EC0-301F-11D3-BF4B-00C04F79EFBC}") = "Xamarin.Forms.iOSSafeArea.Android", "Xamarin.Forms.iOSSafeArea\Xamarin.Forms.iOSSafeArea.Android\Xamarin.Forms.iOSSafeArea.Android.csproj", "{ED36F99D-82C0-4E66-AE3D-694BE6393BE3}"
EndProject
Project("{FAE04EC0-301F-11D3-BF4B-00C04F79EFBC}") = "Xamarin.Forms.iOSSafeArea.iOS", "Xamarin.Forms.iOSSafeArea\Xamarin.Forms.iOSSafeArea.iOS\Xamarin.Forms.iOSSafeArea.iOS.csproj", "{90A5D3B2-74F6-4CDE-B61C-46B07C4A58D4}"
EndProject
Project("{FAE04EC0-301F-11D3-BF4B-00C04F79EFBC}") = "Xamarin.Forms.iOSSafeArea", "Xamarin.Forms.iOSSafeArea\Xamarin.Forms.iOSSafeArea\Xamarin.Forms.iOSSafeArea.csproj", "{08213F52-6325-4E43-9B1E-42F0A9AEA2C8}"
EndProject
Global
	GlobalSection(SolutionConfigurationPlatforms) = preSolution
		Ad-Hoc|Any CPU = Ad-Hoc|Any CPU
		Ad-Hoc|iPhone = Ad-Hoc|iPhone
		Ad-Hoc|iPhoneSimulator = Ad-Hoc|iPhoneSimulator
		AppStore|Any CPU = AppStore|Any CPU
		AppStore|iPhone = AppStore|iPhone
		AppStore|iPhoneSimulator = AppStore|iPhoneSimulator
		Debug|Any CPU = Debug|Any CPU
		Debug|iPhone = Debug|iPhone
		Debug|iPhoneSimulator = Debug|iPhoneSimulator
		Release|Any CPU = Release|Any CPU
		Release|iPhone = Release|iPhone
		Release|iPhoneSimulator = Release|iPhoneSimulator
	EndGlobalSection
	GlobalSection(ProjectConfigurationPlatforms) = postSolution
		{ED36F99D-82C0-4E66-AE3D-694BE6393BE3}.Ad-Hoc|Any CPU.ActiveCfg = Release|Any CPU
		{ED36F99D-82C0-4E66-AE3D-694BE6393BE3}.Ad-Hoc|Any CPU.Build.0 = Release|Any CPU
		{ED36F99D-82C0-4E66-AE3D-694BE6393BE3}.Ad-Hoc|Any CPU.Deploy.0 = Release|Any CPU
		{ED36F99D-82C0-4E66-AE3D-694BE6393BE3}.Ad-Hoc|iPhone.ActiveCfg = Release|Any CPU
		{ED36F99D-82C0-4E66-AE3D-694BE6393BE3}.Ad-Hoc|iPhone.Build.0 = Release|Any CPU
		{ED36F99D-82C0-4E66-AE3D-694BE6393BE3}.Ad-Hoc|iPhone.Deploy.0 = Release|Any CPU
		{ED36F99D-82C0-4E66-AE3D-694BE6393BE3}.Ad-Hoc|iPhoneSimulator.ActiveCfg = Release|Any CPU
		{ED36F99D-82C0-4E66-AE3D-694BE6393BE3}.Ad-Hoc|iPhoneSimulator.Build.0 = Release|Any CPU
		{ED36F99D-82C0-4E66-AE3D-694BE6393BE3}.Ad-Hoc|iPhoneSimulator.Deploy.0 = Release|Any CPU
		{ED36F99D-82C0-4E66-AE3D-694BE6393BE3}.AppStore|Any CPU.ActiveCfg = Release|Any CPU
		{ED36F99D-82C0-4E66-AE3D-694BE6393BE3}.AppStore|Any CPU.Build.0 = Release|Any CPU
		{ED36F99D-82C0-4E66-AE3D-694BE6393BE3}.AppStore|Any CPU.Deploy.0 = Release|Any CPU
		{ED36F99D-82C0-4E66-AE3D-694BE6393BE3}.AppStore|iPhone.ActiveCfg = Release|Any CPU
		{ED36F99D-82C0-4E66-AE3D-694BE6393BE3}.AppStore|iPhone.Build.0 = Release|Any CPU
		{ED36F99D-82C0-4E66-AE3D-694BE6393BE3}.AppStore|iPhone.Deploy.0 = Release|Any CPU
		{ED36F99D-82C0-4E66-AE3D-694BE6393BE3}.AppStore|iPhoneSimulator.ActiveCfg = Release|Any CPU
		{ED36F99D-82C0-4E66-AE3D-694BE6393BE3}.AppStore|iPhoneSimulator.Build.0 = Release|Any CPU
		{ED36F99D-82C0-4E66-AE3D-694BE6393BE3}.AppStore|iPhoneSimulator.Deploy.0 = Release|Any CPU
		{ED36F99D-82C0-4E66-AE3D-694BE6393BE3}.Debug|Any CPU.ActiveCfg = Debug|Any CPU
		{ED36F99D-82C0-4E66-AE3D-694BE6393BE3}.Debug|Any CPU.Build.0 = Debug|Any CPU
		{ED36F99D-82C0-4E66-AE3D-694BE6393BE3}.Debug|Any CPU.Deploy.0 = Debug|Any CPU
		{ED36F99D-82C0-4E66-AE3D-694BE6393BE3}.Debug|iPhone.ActiveCfg = Debug|Any CPU
		{ED36F99D-82C0-4E66-AE3D-694BE6393BE3}.Debug|iPhone.Build.0 = Debug|Any CPU
		{ED36F99D-82C0-4E66-AE3D-694BE6393BE3}.Debug|iPhone.Deploy.0 = Debug|Any CPU
		{ED36F99D-82C0-4E66-AE3D-694BE6393BE3}.Debug|iPhoneSimulator.ActiveCfg = Debug|Any CPU
		{ED36F99D-82C0-4E66-AE3D-694BE6393BE3}.Debug|iPhoneSimulator.Build.0 = Debug|Any CPU
		{ED36F99D-82C0-4E66-AE3D-694BE6393BE3}.Debug|iPhoneSimulator.Deploy.0 = Debug|Any CPU
		{ED36F99D-82C0-4E66-AE3D-694BE6393BE3}.Release|Any CPU.ActiveCfg = Release|Any CPU
		{ED36F99D-82C0-4E66-AE3D-694BE6393BE3}.Release|Any CPU.Build.0 = Release|Any CPU
		{ED36F99D-82C0-4E66-AE3D-694BE6393BE3}.Release|Any CPU.Deploy.0 = Release|Any CPU
		{ED36F99D-82C0-4E66-AE3D-694BE6393BE3}.Release|iPhone.ActiveCfg = Release|Any CPU
		{ED36F99D-82C0-4E66-AE3D-694BE6393BE3}.Release|iPhone.Build.0 = Release|Any CPU
		{ED36F99D-82C0-4E66-AE3D-694BE6393BE3}.Release|iPhone.Deploy.0 = Release|Any CPU
		{ED36F99D-82C0-4E66-AE3D-694BE6393BE3}.Release|iPhoneSimulator.ActiveCfg = Release|Any CPU
		{ED36F99D-82C0-4E66-AE3D-694BE6393BE3}.Release|iPhoneSimulator.Build.0 = Release|Any CPU
		{ED36F99D-82C0-4E66-AE3D-694BE6393BE3}.Release|iPhoneSimulator.Deploy.0 = Release|Any CPU
		{90A5D3B2-74F6-4CDE-B61C-46B07C4A58D4}.Ad-Hoc|Any CPU.ActiveCfg = Ad-Hoc|iPhone
		{90A5D3B2-74F6-4CDE-B61C-46B07C4A58D4}.Ad-Hoc|Any CPU.Build.0 = Ad-Hoc|iPhone
		{90A5D3B2-74F6-4CDE-B61C-46B07C4A58D4}.Ad-Hoc|Any CPU.Deploy.0 = Ad-Hoc|iPhone
		{90A5D3B2-74F6-4CDE-B61C-46B07C4A58D4}.Ad-Hoc|iPhone.ActiveCfg = Ad-Hoc|iPhone
		{90A5D3B2-74F6-4CDE-B61C-46B07C4A58D4}.Ad-Hoc|iPhone.Build.0 = Ad-Hoc|iPhone
		{90A5D3B2-74F6-4CDE-B61C-46B07C4A58D4}.Ad-Hoc|iPhone.Deploy.0 = Ad-Hoc|iPhone
		{90A5D3B2-74F6-4CDE-B61C-46B07C4A58D4}.Ad-Hoc|iPhoneSimulator.ActiveCfg = Ad-Hoc|iPhoneSimulator
		{90A5D3B2-74F6-4CDE-B61C-46B07C4A58D4}.Ad-Hoc|iPhoneSimulator.Build.0 = Ad-Hoc|iPhoneSimulator
		{90A5D3B2-74F6-4CDE-B61C-46B07C4A58D4}.Ad-Hoc|iPhoneSimulator.Deploy.0 = Ad-Hoc|iPhoneSimulator
		{90A5D3B2-74F6-4CDE-B61C-46B07C4A58D4}.AppStore|Any CPU.ActiveCfg = AppStore|iPhone
		{90A5D3B2-74F6-4CDE-B61C-46B07C4A58D4}.AppStore|Any CPU.Build.0 = AppStore|iPhone
		{90A5D3B2-74F6-4CDE-B61C-46B07C4A58D4}.AppStore|Any CPU.Deploy.0 = AppStore|iPhone
		{90A5D3B2-74F6-4CDE-B61C-46B07C4A58D4}.AppStore|iPhone.ActiveCfg = AppStore|iPhone
		{90A5D3B2-74F6-4CDE-B61C-46B07C4A58D4}.AppStore|iPhone.Build.0 = AppStore|iPhone
		{90A5D3B2-74F6-4CDE-B61C-46B07C4A58D4}.AppStore|iPhone.Deploy.0 = AppStore|iPhone
		{90A5D3B2-74F6-4CDE-B61C-46B07C4A58D4}.AppStore|iPhoneSimulator.ActiveCfg = AppStore|iPhoneSimulator
		{90A5D3B2-74F6-4CDE-B61C-46B07C4A58D4}.AppStore|iPhoneSimulator.Build.0 = AppStore|iPhoneSimulator
		{90A5D3B2-74F6-4CDE-B61C-46B07C4A58D4}.AppStore|iPhoneSimulator.Deploy.0 = AppStore|iPhoneSimulator
		{90A5D3B2-74F6-4CDE-B61C-46B07C4A58D4}.Debug|Any CPU.ActiveCfg = Debug|iPhoneSimulator
		{90A5D3B2-74F6-4CDE-B61C-46B07C4A58D4}.Debug|Any CPU.Build.0 = Debug|iPhoneSimulator
		{90A5D3B2-74F6-4CDE-B61C-46B07C4A58D4}.Debug|Any CPU.Deploy.0 = Debug|iPhoneSimulator
		{90A5D3B2-74F6-4CDE-B61C-46B07C4A58D4}.Debug|iPhone.ActiveCfg = Debug|iPhone
		{90A5D3B2-74F6-4CDE-B61C-46B07C4A58D4}.Debug|iPhone.Build.0 = Debug|iPhone
		{90A5D3B2-74F6-4CDE-B61C-46B07C4A58D4}.Debug|iPhone.Deploy.0 = Debug|iPhone
		{90A5D3B2-74F6-4CDE-B61C-46B07C4A58D4}.Debug|iPhoneSimulator.ActiveCfg = Debug|iPhoneSimulator
		{90A5D3B2-74F6-4CDE-B61C-46B07C4A58D4}.Debug|iPhoneSimulator.Build.0 = Debug|iPhoneSimulator
		{90A5D3B2-74F6-4CDE-B61C-46B07C4A58D4}.Debug|iPhoneSimulator.Deploy.0 = Debug|iPhoneSimulator
		{90A5D3B2-74F6-4CDE-B61C-46B07C4A58D4}.Release|Any CPU.ActiveCfg = Release|iPhone
		{90A5D3B2-74F6-4CDE-B61C-46B07C4A58D4}.Release|Any CPU.Build.0 = Release|iPhone
		{90A5D3B2-74F6-4CDE-B61C-46B07C4A58D4}.Release|Any CPU.Deploy.0 = Release|iPhone
		{90A5D3B2-74F6-4CDE-B61C-46B07C4A58D4}.Release|iPhone.ActiveCfg = Release|iPhone
		{90A5D3B2-74F6-4CDE-B61C-46B07C4A58D4}.Release|iPhone.Build.0 = Release|iPhone
		{90A5D3B2-74F6-4CDE-B61C-46B07C4A58D4}.Release|iPhone.Deploy.0 = Release|iPhone
		{90A5D3B2-74F6-4CDE-B61C-46B07C4A58D4}.Release|iPhoneSimulator.ActiveCfg = Release|iPhoneSimulator
		{90A5D3B2-74F6-4CDE-B61C-46B07C4A58D4}.Release|iPhoneSimulator.Build.0 = Release|iPhoneSimulator
		{90A5D3B2-74F6-4CDE-B61C-46B07C4A58D4}.Release|iPhoneSimulator.Deploy.0 = Release|iPhoneSimulator
		{08213F52-6325-4E43-9B1E-42F0A9AEA2C8}.Ad-Hoc|Any CPU.ActiveCfg = Debug|Any CPU
		{08213F52-6325-4E43-9B1E-42F0A9AEA2C8}.Ad-Hoc|Any CPU.Build.0 = Debug|Any CPU
		{08213F52-6325-4E43-9B1E-42F0A9AEA2C8}.Ad-Hoc|Any CPU.Deploy.0 = Debug|Any CPU
		{08213F52-6325-4E43-9B1E-42F0A9AEA2C8}.Ad-Hoc|iPhone.ActiveCfg = Debug|Any CPU
		{08213F52-6325-4E43-9B1E-42F0A9AEA2C8}.Ad-Hoc|iPhone.Build.0 = Debug|Any CPU
		{08213F52-6325-4E43-9B1E-42F0A9AEA2C8}.Ad-Hoc|iPhone.Deploy.0 = Debug|Any CPU
		{08213F52-6325-4E43-9B1E-42F0A9AEA2C8}.Ad-Hoc|iPhoneSimulator.ActiveCfg = Debug|Any CPU
		{08213F52-6325-4E43-9B1E-42F0A9AEA2C8}.Ad-Hoc|iPhoneSimulator.Build.0 = Debug|Any CPU
		{08213F52-6325-4E43-9B1E-42F0A9AEA2C8}.Ad-Hoc|iPhoneSimulator.Deploy.0 = Debug|Any CPU
		{08213F52-6325-4E43-9B1E-42F0A9AEA2C8}.AppStore|Any CPU.ActiveCfg = Debug|Any CPU
		{08213F52-6325-4E43-9B1E-42F0A9AEA2C8}.AppStore|Any CPU.Build.0 = Debug|Any CPU
		{08213F52-6325-4E43-9B1E-42F0A9AEA2C8}.AppStore|Any CPU.Deploy.0 = Debug|Any CPU
		{08213F52-6325-4E43-9B1E-42F0A9AEA2C8}.AppStore|iPhone.ActiveCfg = Debug|Any CPU
		{08213F52-6325-4E43-9B1E-42F0A9AEA2C8}.AppStore|iPhone.Build.0 = Debug|Any CPU
		{08213F52-6325-4E43-9B1E-42F0A9AEA2C8}.AppStore|iPhone.Deploy.0 = Debug|Any CPU
		{08213F52-6325-4E43-9B1E-42F0A9AEA2C8}.AppStore|iPhoneSimulator.ActiveCfg = Debug|Any CPU
		{08213F52-6325-4E43-9B1E-42F0A9AEA2C8}.AppStore|iPhoneSimulator.Build.0 = Debug|Any CPU
		{08213F52-6325-4E43-9B1E-42F0A9AEA2C8}.AppStore|iPhoneSimulator.Deploy.0 = Debug|Any CPU
		{08213F52-6325-4E43-9B1E-42F0A9AEA2C8}.Debug|Any CPU.ActiveCfg = Debug|Any CPU
		{08213F52-6325-4E43-9B1E-42F0A9AEA2C8}.Debug|Any CPU.Build.0 = Debug|Any CPU
		{08213F52-6325-4E43-9B1E-42F0A9AEA2C8}.Debug|Any CPU.Deploy.0 = Debug|Any CPU
		{08213F52-6325-4E43-9B1E-42F0A9AEA2C8}.Debug|iPhone.ActiveCfg = Debug|Any CPU
		{08213F52-6325-4E43-9B1E-42F0A9AEA2C8}.Debug|iPhone.Build.0 = Debug|Any CPU
		{08213F52-6325-4E43-9B1E-42F0A9AEA2C8}.Debug|iPhone.Deploy.0 = Debug|Any CPU
		{08213F52-6325-4E43-9B1E-42F0A9AEA2C8}.Debug|iPhoneSimulator.ActiveCfg = Debug|Any CPU
		{08213F52-6325-4E43-9B1E-42F0A9AEA2C8}.Debug|iPhoneSimulator.Build.0 = Debug|Any CPU
		{08213F52-6325-4E43-9B1E-42F0A9AEA2C8}.Debug|iPhoneSimulator.Deploy.0 = Debug|Any CPU
		{08213F52-6325-4E43-9B1E-42F0A9AEA2C8}.Release|Any CPU.ActiveCfg = Release|Any CPU
		{08213F52-6325-4E43-9B1E-42F0A9AEA2C8}.Release|Any CPU.Build.0 = Release|Any CPU
		{08213F52-6325-4E43-9B1E-42F0A9AEA2C8}.Release|Any CPU.Deploy.0 = Release|Any CPU
		{08213F52-6325-4E43-9B1E-42F0A9AEA2C8}.Release|iPhone.ActiveCfg = Release|Any CPU
		{08213F52-6325-4E43-9B1E-42F0A9AEA2C8}.Release|iPhone.Build.0 = Release|Any CPU
		{08213F52-6325-4E43-9B1E-42F0A9AEA2C8}.Release|iPhone.Deploy.0 = Release|Any CPU
		{08213F52-6325-4E43-9B1E-42F0A9AEA2C8}.Release|iPhoneSimulator.ActiveCfg = Release|Any CPU
		{08213F52-6325-4E43-9B1E-42F0A9AEA2C8}.Release|iPhoneSimulator.Build.0 = Release|Any CPU
		{08213F52-6325-4E43-9B1E-42F0A9AEA2C8}.Release|iPhoneSimulator.Deploy.0 = Release|Any CPU
	EndGlobalSection
	GlobalSection(SolutionProperties) = preSolution
		HideSolutionNode = FALSE
	EndGlobalSection
	GlobalSection(ExtensibilityGlobals) = postSolution
		SolutionGuid = {6EE6FEEB-627C-4C51-82F4-3117C887C2B6}
	EndGlobalSection
EndGlobal
